{
  "name": "redpay-signature",
  "version": "1.0.1",
  "lockfileVersion": 3,
  "requires": true,
  "packages": {
    "": {
      "name": "redpay-signature",
      "version": "1.0.1",
      "license": "ISC",
      "dependencies": {
        "redpay-sdk-nodejs": "^1.0.3"
      }
    },
    "node_modules/crypto": {
      "version": "1.0.1",
      "resolved": "https://registry.npmjs.org/crypto/-/crypto-1.0.1.tgz",
      "integrity": "sha512-VxBKmeNcqQdiUQUW2Tzq0t377b54N2bMtXO/qiLa+6eRRmmC4qT3D4OnTGoT/U6O9aklQ/jTwbOtRMTTY8G0Ig==",
      "deprecated": "This package is no longer supported. It's now a built-in Node module. If you've depended on crypto, you should switch to the one that's built-in."
    },
    "node_modules/jsonabc": {
      "version": "2.3.1",
      "resolved": "https://registry.npmjs.org/jsonabc/-/jsonabc-2.3.1.tgz",
      "integrity": "sha512-BeyxtaFNw7Alb3fUoAHZjw+Qp0+qmJdm52/mFcntoUJRD5p1aXmgKgjbNemLTsxAiG7Buk34ttMkip7XZmIn6g=="
    },
    "node_modules/redpay-sdk-nodejs": {
      "version": "1.0.3",
      "resolved": "https://registry.npmjs.org/redpay-sdk-nodejs/-/redpay-sdk-nodejs-1.0.3.tgz",
      "integrity": "sha512-nQJtnmeBO8lXS63yypBhMTVtjvstxx9dETqR10uJECHxM4wUO8AleEsNNk8eBloAiENd+nw7SHCu3cdqWdYt5w==",
      "dependencies": {
        "crypto": "^1.0.1",
        "jsonabc": "^2.3.1"
      }
    }
  }
}
